Microsoft Visual Studio Solution File, Format Version 12.00
# Visual Studio 22
Project("{FAE04EC0-301F-11D3-BF4B-00C04F79EFBC}") = "MutSea", "MutSea/Region/Application/MutSea.csproj", "{3B14202A-0000-0000-0000-000000000000}"
EndProject
Project("{FAE04EC0-301F-11D3-BF4B-00C04F79EFBC}") = "MutSea.Addons.Groups", "MutSea/Addons/Groups/MutSea.Addons.Groups.csproj", "{1E8EF0F4-0000-0000-0000-000000000000}"
EndProject
Project("{FAE04EC0-301F-11D3-BF4B-00C04F79EFBC}") = "MutSea.Addons.OfflineIM", "MutSea/Addons/OfflineIM/MutSea.Addons.OfflineIM.csproj", "{572BEAB8-0000-0000-0000-000000000000}"
EndProject
Project("{FAE04EC0-301F-11D3-BF4B-00C04F79EFBC}") = "MutSea.ApplicationPlugins.LoadRegions", "MutSea/ApplicationPlugins/LoadRegions/MutSea.ApplicationPlugins.LoadRegions.csproj", "{1C66FFF7-0000-0000-0000-000000000000}"
EndProject
Project("{FAE04EC0-301F-11D3-BF4B-00C04F79EFBC}") = "MutSea.ApplicationPlugins.RegionModulesController", "MutSea/ApplicationPlugins/RegionModulesController/MutSea.ApplicationPlugins.RegionModulesController.csproj", "{6374D69C-0000-0000-0000-000000000000}"
EndProject
Project("{FAE04EC0-301F-11D3-BF4B-00C04F79EFBC}") = "MutSea.ApplicationPlugins.RemoteController", "MutSea/ApplicationPlugins/RemoteController/MutSea.ApplicationPlugins.RemoteController.csproj", "{58E360D5-0000-0000-0000-000000000000}"
EndProject
Project("{FAE04EC0-301F-11D3-BF4B-00C04F79EFBC}") = "MutSea.Capabilities", "MutSea/Capabilities/MutSea.Capabilities.csproj", "{80928E22-0000-0000-0000-000000000000}"
EndProject
Project("{FAE04EC0-301F-11D3-BF4B-00C04F79EFBC}") = "MutSea.Capabilities.Handlers", "MutSea/Capabilities/Handlers/MutSea.Capabilities.Handlers.csproj", "{3D286588-0000-0000-0000-000000000000}"
EndProject
Project("{FAE04EC0-301F-11D3-BF4B-00C04F79EFBC}") = "MutSea.ConsoleClient", "MutSea/ConsoleClient/MutSea.ConsoleClient.csproj", "{F0BCB9AA-0000-0000-0000-000000000000}"
EndProject
Project("{FAE04EC0-301F-11D3-BF4B-00C04F79EFBC}") = "MutSea.Data", "MutSea/Data/MutSea.Data.csproj", "{13BB7C5D-0000-0000-0000-000000000000}"
EndProject
Project("{FAE04EC0-301F-11D3-BF4B-00C04F79EFBC}") = "MutSea.Data.MySQL", "MutSea/Data/MySQL/MutSea.Data.MySQL.csproj", "{D243308E-0000-0000-0000-000000000000}"
EndProject
Project("{FAE04EC0-301F-11D3-BF4B-00C04F79EFBC}") = "MutSea.Data.Null", "MutSea/Data/Null/MutSea.Data.Null.csproj", "{6AC5D221-0000-0000-0000-000000000000}"
EndProject
Project("{FAE04EC0-301F-11D3-BF4B-00C04F79EFBC}") = "MutSea.Data.PGSQL", "MutSea/Data/PGSQL/MutSea.Data.PGSQL.csproj", "{9FF50942-0000-0000-0000-000000000000}"
EndProject
Project("{FAE04EC0-301F-11D3-BF4B-00C04F79EFBC}") = "MutSea.Data.SQLite", "MutSea/Data/SQLite/MutSea.Data.SQLite.csproj", "{B9D72792-0000-0000-0000-000000000000}"
EndProject
Project("{FAE04EC0-301F-11D3-BF4B-00C04F79EFBC}") = "MutSea.Framework", "MutSea/Framework/MutSea.Framework.csproj", "{17489FA6-0000-0000-0000-000000000000}"
EndProject
Project("{FAE04EC0-301F-11D3-BF4B-00C04F79EFBC}") = "MutSea.Framework.AssetLoader.Filesystem", "MutSea/Framework/AssetLoader/Filesystem/MutSea.Framework.AssetLoader.Filesystem.csproj", "{ABF76902-0000-0000-0000-000000000000}"
EndProject
Project("{FAE04EC0-301F-11D3-BF4B-00C04F79EFBC}") = "MutSea.Framework.Console", "MutSea/Framework/Console/MutSea.Framework.Console.csproj", "{8F3C77B5-0000-0000-0000-000000000000}"
EndProject
Project("{FAE04EC0-301F-11D3-BF4B-00C04F79EFBC}") = "MutSea.Framework.Monitoring", "MutSea/Framework/Monitoring/MutSea.Framework.Monitoring.csproj", "{17A36AA8-0000-0000-0000-000000000000}"
EndProject
Project("{FAE04EC0-301F-11D3-BF4B-00C04F79EFBC}") = "MutSea.Framework.Serialization", "MutSea/Framework/Serialization/MutSea.Framework.Serialization.csproj", "{ACD2A69B-0000-0000-0000-000000000000}"
EndProject
Project("{FAE04EC0-301F-11D3-BF4B-00C04F79EFBC}") = "MutSea.Framework.Servers", "MutSea/Framework/Servers/MutSea.Framework.Servers.csproj", "{1A9BBFA7-0000-0000-0000-000000000000}"
EndProject
Project("{FAE04EC0-301F-11D3-BF4B-00C04F79EFBC}") = "MutSea.Framework.Servers.HttpServer", "MutSea/Framework/Servers/HttpServer/MutSea.Framework.Servers.HttpServer.csproj", "{A369EB23-0000-0000-0000-000000000000}"
EndProject
Project("{FAE04EC0-301F-11D3-BF4B-00C04F79EFBC}") = "MutSea.Region.ClientStack.LindenCaps", "MutSea/Region/ClientStack/Linden/Caps/MutSea.Region.ClientStack.LindenCaps.csproj", "{EF96D2A4-0000-0000-0000-000000000000}"
EndProject
Project("{FAE04EC0-301F-11D3-BF4B-00C04F79EFBC}") = "MutSea.Region.ClientStack.LindenUDP", "MutSea/Region/ClientStack/Linden/UDP/MutSea.Region.ClientStack.LindenUDP.csproj", "{CDFFBE96-0000-0000-0000-000000000000}"
EndProject
Project("{FAE04EC0-301F-11D3-BF4B-00C04F79EFBC}") = "MutSea.Region.CoreModules", "MutSea/Region/CoreModules/MutSea.Region.CoreModules.csproj", "{32B7E7D3-0000-0000-0000-000000000000}"
EndProject
Project("{FAE04EC0-301F-11D3-BF4B-00C04F79EFBC}") = "MutSea.Region.Framework", "MutSea/Region/Framework/MutSea.Region.Framework.csproj", "{81ACBF2A-0000-0000-0000-000000000000}"
EndProject
Project("{FAE04EC0-301F-11D3-BF4B-00C04F79EFBC}") = "MutSea.Region.OptionalModules", "MutSea/Region/OptionalModules/MutSea.Region.OptionalModules.csproj", "{FEDA5BD7-0000-0000-0000-000000000000}"
EndProject
Project("{FAE04EC0-301F-11D3-BF4B-00C04F79EFBC}") = "MutSea.Region.PhysicsModule.BasicPhysics", "MutSea/Region/PhysicsModules/BasicPhysics/MutSea.Region.PhysicsModule.BasicPhysics.csproj", "{1EB17F5A-0000-0000-0000-000000000000}"
EndProject
Project("{FAE04EC0-301F-11D3-BF4B-00C04F79EFBC}") = "MutSea.Region.PhysicsModule.BulletS", "MutSea/Region/PhysicsModules/BulletS/MutSea.Region.PhysicsModule.BulletS.csproj", "{59CF709F-0000-0000-0000-000000000000}"
EndProject
Project("{FAE04EC0-301F-11D3-BF4B-00C04F79EFBC}") = "MutSea.Region.PhysicsModule.Meshing", "MutSea/Region/PhysicsModules/Meshing/MutSea.Region.PhysicsModule.Meshing.csproj", "{861DB989-0000-0000-0000-000000000000}"
EndProject
Project("{FAE04EC0-301F-11D3-BF4B-00C04F79EFBC}") = "MutSea.Region.PhysicsModule.POS", "MutSea/Region/PhysicsModules/POS/MutSea.Region.PhysicsModule.POS.csproj", "{D8E40883-0000-0000-0000-000000000000}"
EndProject
Project("{FAE04EC0-301F-11D3-BF4B-00C04F79EFBC}") = "MutSea.Region.PhysicsModule.ubOde", "MutSea/Region/PhysicsModules/ubOde/MutSea.Region.PhysicsModule.ubOde.csproj", "{D962A6A5-0000-0000-0000-000000000000}"
EndProject
Project("{FAE04EC0-301F-11D3-BF4B-00C04F79EFBC}") = "MutSea.Region.PhysicsModule.ubOdeMeshing", "MutSea/Region/PhysicsModules/ubOdeMeshing/MutSea.Region.PhysicsModule.ubOdeMeshing.csproj", "{60A7E15F-0000-0000-0000-000000000000}"
EndProject
Project("{FAE04EC0-301F-11D3-BF4B-00C04F79EFBC}") = "MutSea.Region.PhysicsModules.ConvexDecompositionDotNet", "MutSea/Region/PhysicsModules/ConvexDecompositionDotNet/MutSea.Region.PhysicsModules.ConvexDecompositionDotNet.csproj", "{E4D94EC5-0000-0000-0000-000000000000}"
EndProject
Project("{FAE04EC0-301F-11D3-BF4B-00C04F79EFBC}") = "MutSea.Region.PhysicsModules.SharedBase", "MutSea/Region/PhysicsModules/SharedBase/MutSea.Region.PhysicsModules.SharedBase.csproj", "{3F22A60B-0000-0000-0000-000000000000}"
EndProject
Project("{FAE04EC0-301F-11D3-BF4B-00C04F79EFBC}") = "MutSea.Region.ScriptEngine.Shared", "MutSea/Region/ScriptEngine/Shared/MutSea.Region.ScriptEngine.Shared.csproj", "{4D67AFC3-0000-0000-0000-000000000000}"
EndProject
Project("{FAE04EC0-301F-11D3-BF4B-00C04F79EFBC}") = "MutSea.Region.ScriptEngine.Shared.Api", "MutSea/Region/ScriptEngine/Shared/Api/Implementation/MutSea.Region.ScriptEngine.Shared.Api.csproj", "{237F97A3-0000-0000-0000-000000000000}"
EndProject
Project("{FAE04EC0-301F-11D3-BF4B-00C04F79EFBC}") = "MutSea.Region.ScriptEngine.Shared.Api.Runtime", "MutSea/Region/ScriptEngine/Shared/Api/Runtime/MutSea.Region.ScriptEngine.Shared.Api.Runtime.csproj", "{A2D2DB06-0000-0000-0000-000000000000}"
EndProject
Project("{FAE04EC0-301F-11D3-BF4B-00C04F79EFBC}") = "MutSea.Region.ScriptEngine.YEngine", "MutSea/Region/ScriptEngine/YEngine/MutSea.Region.ScriptEngine.YEngine.csproj", "{810FF5CD-0000-0000-0000-000000000000}"
EndProject
Project("{FAE04EC0-301F-11D3-BF4B-00C04F79EFBC}") = "MutSea.Server.Base", "MutSea/Server/Base/MutSea.Server.Base.csproj", "{4B68F35C-0000-0000-0000-000000000000}"
EndProject
Project("{FAE04EC0-301F-11D3-BF4B-00C04F79EFBC}") = "MutSea.Server.Handlers", "MutSea/Server/Handlers/MutSea.Server.Handlers.csproj", "{8828A426-0000-0000-0000-000000000000}"
EndProject
Project("{FAE04EC0-301F-11D3-BF4B-00C04F79EFBC}") = "MutSea.Services.AssetService", "MutSea/Services/AssetService/MutSea.Services.AssetService.csproj", "{8AF5DA37-0000-0000-0000-000000000000}"
EndProject
Project("{FAE04EC0-301F-11D3-BF4B-00C04F79EFBC}") = "MutSea.Services.AuthenticationService", "MutSea/Services/AuthenticationService/MutSea.Services.AuthenticationService.csproj", "{7F0F544C-0000-0000-0000-000000000000}"
EndProject
Project("{FAE04EC0-301F-11D3-BF4B-00C04F79EFBC}") = "MutSea.Services.AuthorizationService", "MutSea/Services/AuthorizationService/MutSea.Services.AuthorizationService.csproj", "{672982B3-0000-0000-0000-000000000000}"
EndProject
Project("{FAE04EC0-301F-11D3-BF4B-00C04F79EFBC}") = "MutSea.Services.AvatarService", "MutSea/Services/AvatarService/MutSea.Services.AvatarService.csproj", "{A5E00B54-0000-0000-0000-000000000000}"
EndProject
Project("{FAE04EC0-301F-11D3-BF4B-00C04F79EFBC}") = "MutSea.Services.Base", "MutSea/Services/Base/MutSea.Services.Base.csproj", "{9F85CBE5-0000-0000-0000-000000000000}"
EndProject
Project("{FAE04EC0-301F-11D3-BF4B-00C04F79EFBC}") = "MutSea.Services.Connectors", "MutSea/Services/Connectors/MutSea.Services.Connectors.csproj", "{BE28E9EB-0000-0000-0000-000000000000}"
EndProject
Project("{FAE04EC0-301F-11D3-BF4B-00C04F79EFBC}") = "MutSea.Services.EstateService", "MutSea/Services/EstateService/MutSea.Services.EstateService.csproj", "{35EBD457-0000-0000-0000-000000000000}"
EndProject
Project("{FAE04EC0-301F-11D3-BF4B-00C04F79EFBC}") = "MutSea.Services.FreeswitchService", "MutSea/Services/FreeswitchService/MutSea.Services.FreeswitchService.csproj", "{EC8F29DF-0000-0000-0000-000000000000}"
EndProject
Project("{FAE04EC0-301F-11D3-BF4B-00C04F79EFBC}") = "MutSea.Services.FriendsService", "MutSea/Services/Friends/MutSea.Services.FriendsService.csproj", "{6925938D-0000-0000-0000-000000000000}"
EndProject
Project("{FAE04EC0-301F-11D3-BF4B-00C04F79EFBC}") = "MutSea.Services.FSAssetService", "MutSea/Services/FSAssetService/MutSea.Services.FSAssetService.csproj", "{68F4591C-0000-0000-0000-000000000000}"
EndProject
Project("{FAE04EC0-301F-11D3-BF4B-00C04F79EFBC}") = "MutSea.Services.GridService", "MutSea/Services/GridService/MutSea.Services.GridService.csproj", "{BD05BBCB-0000-0000-0000-000000000000}"
EndProject
Project("{FAE04EC0-301F-11D3-BF4B-00C04F79EFBC}") = "MutSea.Services.HypergridService", "MutSea/Services/HypergridService/MutSea.Services.HypergridService.csproj", "{F3391DA0-0000-0000-0000-000000000000}"
EndProject
Project("{FAE04EC0-301F-11D3-BF4B-00C04F79EFBC}") = "MutSea.Services.Interfaces", "MutSea/Services/Interfaces/MutSea.Services.Interfaces.csproj", "{D25E5B39-0000-0000-0000-000000000000}"
EndProject
Project("{FAE04EC0-301F-11D3-BF4B-00C04F79EFBC}") = "MutSea.Services.InventoryService", "MutSea/Services/InventoryService/MutSea.Services.InventoryService.csproj", "{F500147A-0000-0000-0000-000000000000}"
EndProject
Project("{FAE04EC0-301F-11D3-BF4B-00C04F79EFBC}") = "MutSea.Services.LLLoginService", "MutSea/Services/LLLoginService/MutSea.Services.LLLoginService.csproj", "{6539B5BA-0000-0000-0000-000000000000}"
EndProject
Project("{FAE04EC0-301F-11D3-BF4B-00C04F79EFBC}") = "MutSea.Services.MapImageService", "MutSea/Services/MapImageService/MutSea.Services.MapImageService.csproj", "{30F81CCE-0000-0000-0000-000000000000}"
EndProject
Project("{FAE04EC0-301F-11D3-BF4B-00C04F79EFBC}") = "MutSea.Services.MuteListService", "MutSea/Services/MuteListService/MutSea.Services.MuteListService.csproj", "{60589491-0000-0000-0000-000000000000}"
EndProject
Project("{FAE04EC0-301F-11D3-BF4B-00C04F79EFBC}") = "MutSea.Services.PresenceService", "MutSea/Services/PresenceService/MutSea.Services.PresenceService.csproj", "{F2766D37-0000-0000-0000-000000000000}"
EndProject
Project("{FAE04EC0-301F-11D3-BF4B-00C04F79EFBC}") = "MutSea.Services.SimulationService", "MutSea/Services/SimulationService/MutSea.Services.SimulationService.csproj", "{7A4E8C69-0000-0000-0000-000000000000}"
EndProject
Project("{FAE04EC0-301F-11D3-BF4B-00C04F79EFBC}") = "MutSea.Services.UserAccountService", "MutSea/Services/UserAccountService/MutSea.Services.UserAccountService.csproj", "{3F98042D-0000-0000-0000-000000000000}"
EndProject
Project("{FAE04EC0-301F-11D3-BF4B-00C04F79EFBC}") = "MutSea.Services.UserProfilesService", "MutSea/Services/UserProfilesService/MutSea.Services.UserProfilesService.csproj", "{1B02B5FB-0000-0000-0000-000000000000}"
EndProject
Project("{FAE04EC0-301F-11D3-BF4B-00C04F79EFBC}") = "MutSea.Tools.Configger", "MutSea/Tools/Configger/MutSea.Tools.Configger.csproj", "{D8092F38-0000-0000-0000-000000000000}"
EndProject
Project("{FAE04EC0-301F-11D3-BF4B-00C04F79EFBC}") = "pCampBot", "MutSea/Tools/pCampBot/pCampBot.csproj", "{3377ACB2-0000-0000-0000-000000000000}"
EndProject
Project("{FAE04EC0-301F-11D3-BF4B-00C04F79EFBC}") = "Robust", "MutSea/Server/Robust.csproj", "{425BD8B8-0000-0000-0000-000000000000}"
EndProject
Project("{FAE04EC0-301F-11D3-BF4B-00C04F79EFBC}") = "SmartThreadPool", "ThirdParty/SmartThreadPool/SmartThreadPool.csproj", "{3D0D32A8-0000-0000-0000-000000000000}"
EndProject
Global
	GlobalSection(SolutionConfigurationPlatforms) = preSolution
		Debug|Any CPU = Debug|Any CPU
		Release|Any CPU = Release|Any CPU
	EndGlobalSection
	GlobalSection(ProjectConfigurationPlatforms) = postSolution
		{3B14202A-0000-0000-0000-000000000000}.Debug|Any CPU.ActiveCfg = Debug|Any CPU
		{3B14202A-0000-0000-0000-000000000000}.Debug|Any CPU.Build.0 = Debug|Any CPU
		{3B14202A-0000-0000-0000-000000000000}.Release|Any CPU.ActiveCfg = Release|Any CPU
		{3B14202A-0000-0000-0000-000000000000}.Release|Any CPU.Build.0 = Release|Any CPU
		{1E8EF0F4-0000-0000-0000-000000000000}.Debug|Any CPU.ActiveCfg = Debug|Any CPU
		{1E8EF0F4-0000-0000-0000-000000000000}.Debug|Any CPU.Build.0 = Debug|Any CPU
		{1E8EF0F4-0000-0000-0000-000000000000}.Release|Any CPU.ActiveCfg = Release|Any CPU
		{1E8EF0F4-0000-0000-0000-000000000000}.Release|Any CPU.Build.0 = Release|Any CPU
		{572BEAB8-0000-0000-0000-000000000000}.Debug|Any CPU.ActiveCfg = Debug|Any CPU
		{572BEAB8-0000-0000-0000-000000000000}.Debug|Any CPU.Build.0 = Debug|Any CPU
		{572BEAB8-0000-0000-0000-000000000000}.Release|Any CPU.ActiveCfg = Release|Any CPU
		{572BEAB8-0000-0000-0000-000000000000}.Release|Any CPU.Build.0 = Release|Any CPU
		{1C66FFF7-0000-0000-0000-000000000000}.Debug|Any CPU.ActiveCfg = Debug|Any CPU
		{1C66FFF7-0000-0000-0000-000000000000}.Debug|Any CPU.Build.0 = Debug|Any CPU
		{1C66FFF7-0000-0000-0000-000000000000}.Release|Any CPU.ActiveCfg = Release|Any CPU
		{1C66FFF7-0000-0000-0000-000000000000}.Release|Any CPU.Build.0 = Release|Any CPU
		{6374D69C-0000-0000-0000-000000000000}.Debug|Any CPU.ActiveCfg = Debug|Any CPU
		{6374D69C-0000-0000-0000-000000000000}.Debug|Any CPU.Build.0 = Debug|Any CPU
		{6374D69C-0000-0000-0000-000000000000}.Release|Any CPU.ActiveCfg = Release|Any CPU
		{6374D69C-0000-0000-0000-000000000000}.Release|Any CPU.Build.0 = Release|Any CPU
		{58E360D5-0000-0000-0000-000000000000}.Debug|Any CPU.ActiveCfg = Debug|Any CPU
		{58E360D5-0000-0000-0000-000000000000}.Debug|Any CPU.Build.0 = Debug|Any CPU
		{58E360D5-0000-0000-0000-000000000000}.Release|Any CPU.ActiveCfg = Release|Any CPU
		{58E360D5-0000-0000-0000-000000000000}.Release|Any CPU.Build.0 = Release|Any CPU
		{80928E22-0000-0000-0000-000000000000}.Debug|Any CPU.ActiveCfg = Debug|Any CPU
		{80928E22-0000-0000-0000-000000000000}.Debug|Any CPU.Build.0 = Debug|Any CPU
		{80928E22-0000-0000-0000-000000000000}.Release|Any CPU.ActiveCfg = Release|Any CPU
		{80928E22-0000-0000-0000-000000000000}.Release|Any CPU.Build.0 = Release|Any CPU
		{3D286588-0000-0000-0000-000000000000}.Debug|Any CPU.ActiveCfg = Debug|Any CPU
		{3D286588-0000-0000-0000-000000000000}.Debug|Any CPU.Build.0 = Debug|Any CPU
		{3D286588-0000-0000-0000-000000000000}.Release|Any CPU.ActiveCfg = Release|Any CPU
		{3D286588-0000-0000-0000-000000000000}.Release|Any CPU.Build.0 = Release|Any CPU
		{F0BCB9AA-0000-0000-0000-000000000000}.Debug|Any CPU.ActiveCfg = Debug|Any CPU
		{F0BCB9AA-0000-0000-0000-000000000000}.Debug|Any CPU.Build.0 = Debug|Any CPU
		{F0BCB9AA-0000-0000-0000-000000000000}.Release|Any CPU.ActiveCfg = Release|Any CPU
		{F0BCB9AA-0000-0000-0000-000000000000}.Release|Any CPU.Build.0 = Release|Any CPU
		{13BB7C5D-0000-0000-0000-000000000000}.Debug|Any CPU.ActiveCfg = Debug|Any CPU
		{13BB7C5D-0000-0000-0000-000000000000}.Debug|Any CPU.Build.0 = Debug|Any CPU
		{13BB7C5D-0000-0000-0000-000000000000}.Release|Any CPU.ActiveCfg = Release|Any CPU
		{13BB7C5D-0000-0000-0000-000000000000}.Release|Any CPU.Build.0 = Release|Any CPU
		{D243308E-0000-0000-0000-000000000000}.Debug|Any CPU.ActiveCfg = Debug|Any CPU
		{D243308E-0000-0000-0000-000000000000}.Debug|Any CPU.Build.0 = Debug|Any CPU
		{D243308E-0000-0000-0000-000000000000}.Release|Any CPU.ActiveCfg = Release|Any CPU
		{D243308E-0000-0000-0000-000000000000}.Release|Any CPU.Build.0 = Release|Any CPU
		{6AC5D221-0000-0000-0000-000000000000}.Debug|Any CPU.ActiveCfg = Debug|Any CPU
		{6AC5D221-0000-0000-0000-000000000000}.Debug|Any CPU.Build.0 = Debug|Any CPU
		{6AC5D221-0000-0000-0000-000000000000}.Release|Any CPU.ActiveCfg = Release|Any CPU
		{6AC5D221-0000-0000-0000-000000000000}.Release|Any CPU.Build.0 = Release|Any CPU
		{9FF50942-0000-0000-0000-000000000000}.Debug|Any CPU.ActiveCfg = Debug|Any CPU
		{9FF50942-0000-0000-0000-000000000000}.Debug|Any CPU.Build.0 = Debug|Any CPU
		{9FF50942-0000-0000-0000-000000000000}.Release|Any CPU.ActiveCfg = Release|Any CPU
		{9FF50942-0000-0000-0000-000000000000}.Release|Any CPU.Build.0 = Release|Any CPU
		{B9D72792-0000-0000-0000-000000000000}.Debug|Any CPU.ActiveCfg = Debug|Any CPU
		{B9D72792-0000-0000-0000-000000000000}.Debug|Any CPU.Build.0 = Debug|Any CPU
		{B9D72792-0000-0000-0000-000000000000}.Release|Any CPU.ActiveCfg = Release|Any CPU
		{B9D72792-0000-0000-0000-000000000000}.Release|Any CPU.Build.0 = Release|Any CPU
		{17489FA6-0000-0000-0000-000000000000}.Debug|Any CPU.ActiveCfg = Debug|Any CPU
		{17489FA6-0000-0000-0000-000000000000}.Debug|Any CPU.Build.0 = Debug|Any CPU
		{17489FA6-0000-0000-0000-000000000000}.Release|Any CPU.ActiveCfg = Release|Any CPU
		{17489FA6-0000-0000-0000-000000000000}.Release|Any CPU.Build.0 = Release|Any CPU
		{ABF76902-0000-0000-0000-000000000000}.Debug|Any CPU.ActiveCfg = Debug|Any CPU
		{ABF76902-0000-0000-0000-000000000000}.Debug|Any CPU.Build.0 = Debug|Any CPU
		{ABF76902-0000-0000-0000-000000000000}.Release|Any CPU.ActiveCfg = Release|Any CPU
		{ABF76902-0000-0000-0000-000000000000}.Release|Any CPU.Build.0 = Release|Any CPU
		{8F3C77B5-0000-0000-0000-000000000000}.Debug|Any CPU.ActiveCfg = Debug|Any CPU
		{8F3C77B5-0000-0000-0000-000000000000}.Debug|Any CPU.Build.0 = Debug|Any CPU
		{8F3C77B5-0000-0000-0000-000000000000}.Release|Any CPU.ActiveCfg = Release|Any CPU
		{8F3C77B5-0000-0000-0000-000000000000}.Release|Any CPU.Build.0 = Release|Any CPU
		{17A36AA8-0000-0000-0000-000000000000}.Debug|Any CPU.ActiveCfg = Debug|Any CPU
		{17A36AA8-0000-0000-0000-000000000000}.Debug|Any CPU.Build.0 = Debug|Any CPU
		{17A36AA8-0000-0000-0000-000000000000}.Release|Any CPU.ActiveCfg = Release|Any CPU
		{17A36AA8-0000-0000-0000-000000000000}.Release|Any CPU.Build.0 = Release|Any CPU
		{ACD2A69B-0000-0000-0000-000000000000}.Debug|Any CPU.ActiveCfg = Debug|Any CPU
		{ACD2A69B-0000-0000-0000-000000000000}.Debug|Any CPU.Build.0 = Debug|Any CPU
		{ACD2A69B-0000-0000-0000-000000000000}.Release|Any CPU.ActiveCfg = Release|Any CPU
		{ACD2A69B-0000-0000-0000-000000000000}.Release|Any CPU.Build.0 = Release|Any CPU
		{1A9BBFA7-0000-0000-0000-000000000000}.Debug|Any CPU.ActiveCfg = Debug|Any CPU
		{1A9BBFA7-0000-0000-0000-000000000000}.Debug|Any CPU.Build.0 = Debug|Any CPU
		{1A9BBFA7-0000-0000-0000-000000000000}.Release|Any CPU.ActiveCfg = Release|Any CPU
		{1A9BBFA7-0000-0000-0000-000000000000}.Release|Any CPU.Build.0 = Release|Any CPU
		{A369EB23-0000-0000-0000-000000000000}.Debug|Any CPU.ActiveCfg = Debug|Any CPU
		{A369EB23-0000-0000-0000-000000000000}.Debug|Any CPU.Build.0 = Debug|Any CPU
		{A369EB23-0000-0000-0000-000000000000}.Release|Any CPU.ActiveCfg = Release|Any CPU
		{A369EB23-0000-0000-0000-000000000000}.Release|Any CPU.Build.0 = Release|Any CPU
		{EF96D2A4-0000-0000-0000-000000000000}.Debug|Any CPU.ActiveCfg = Debug|Any CPU
		{EF96D2A4-0000-0000-0000-000000000000}.Debug|Any CPU.Build.0 = Debug|Any CPU
		{EF96D2A4-0000-0000-0000-000000000000}.Release|Any CPU.ActiveCfg = Release|Any CPU
		{EF96D2A4-0000-0000-0000-000000000000}.Release|Any CPU.Build.0 = Release|Any CPU
		{CDFFBE96-0000-0000-0000-000000000000}.Debug|Any CPU.ActiveCfg = Debug|Any CPU
		{CDFFBE96-0000-0000-0000-000000000000}.Debug|Any CPU.Build.0 = Debug|Any CPU
		{CDFFBE96-0000-0000-0000-000000000000}.Release|Any CPU.ActiveCfg = Release|Any CPU
		{CDFFBE96-0000-0000-0000-000000000000}.Release|Any CPU.Build.0 = Release|Any CPU
		{32B7E7D3-0000-0000-0000-000000000000}.Debug|Any CPU.ActiveCfg = Debug|Any CPU
		{32B7E7D3-0000-0000-0000-000000000000}.Debug|Any CPU.Build.0 = Debug|Any CPU
		{32B7E7D3-0000-0000-0000-000000000000}.Release|Any CPU.ActiveCfg = Release|Any CPU
		{32B7E7D3-0000-0000-0000-000000000000}.Release|Any CPU.Build.0 = Release|Any CPU
		{81ACBF2A-0000-0000-0000-000000000000}.Debug|Any CPU.ActiveCfg = Debug|Any CPU
		{81ACBF2A-0000-0000-0000-000000000000}.Debug|Any CPU.Build.0 = Debug|Any CPU
		{81ACBF2A-0000-0000-0000-000000000000}.Release|Any CPU.ActiveCfg = Release|Any CPU
		{81ACBF2A-0000-0000-0000-000000000000}.Release|Any CPU.Build.0 = Release|Any CPU
		{FEDA5BD7-0000-0000-0000-000000000000}.Debug|Any CPU.ActiveCfg = Debug|Any CPU
		{FEDA5BD7-0000-0000-0000-000000000000}.Debug|Any CPU.Build.0 = Debug|Any CPU
		{FEDA5BD7-0000-0000-0000-000000000000}.Release|Any CPU.ActiveCfg = Release|Any CPU
		{FEDA5BD7-0000-0000-0000-000000000000}.Release|Any CPU.Build.0 = Release|Any CPU
		{1EB17F5A-0000-0000-0000-000000000000}.Debug|Any CPU.ActiveCfg = Debug|Any CPU
		{1EB17F5A-0000-0000-0000-000000000000}.Debug|Any CPU.Build.0 = Debug|Any CPU
		{1EB17F5A-0000-0000-0000-000000000000}.Release|Any CPU.ActiveCfg = Release|Any CPU
		{1EB17F5A-0000-0000-0000-000000000000}.Release|Any CPU.Build.0 = Release|Any CPU
		{59CF709F-0000-0000-0000-000000000000}.Debug|Any CPU.ActiveCfg = Debug|Any CPU
		{59CF709F-0000-0000-0000-000000000000}.Debug|Any CPU.Build.0 = Debug|Any CPU
		{59CF709F-0000-0000-0000-000000000000}.Release|Any CPU.ActiveCfg = Release|Any CPU
		{59CF709F-0000-0000-0000-000000000000}.Release|Any CPU.Build.0 = Release|Any CPU
		{861DB989-0000-0000-0000-000000000000}.Debug|Any CPU.ActiveCfg = Debug|Any CPU
		{861DB989-0000-0000-0000-000000000000}.Debug|Any CPU.Build.0 = Debug|Any CPU
		{861DB989-0000-0000-0000-000000000000}.Release|Any CPU.ActiveCfg = Release|Any CPU
		{861DB989-0000-0000-0000-000000000000}.Release|Any CPU.Build.0 = Release|Any CPU
		{D8E40883-0000-0000-0000-000000000000}.Debug|Any CPU.ActiveCfg = Debug|Any CPU
		{D8E40883-0000-0000-0000-000000000000}.Debug|Any CPU.Build.0 = Debug|Any CPU
		{D8E40883-0000-0000-0000-000000000000}.Release|Any CPU.ActiveCfg = Release|Any CPU
		{D8E40883-0000-0000-0000-000000000000}.Release|Any CPU.Build.0 = Release|Any CPU
		{D962A6A5-0000-0000-0000-000000000000}.Debug|Any CPU.ActiveCfg = Debug|Any CPU
		{D962A6A5-0000-0000-0000-000000000000}.Debug|Any CPU.Build.0 = Debug|Any CPU
		{D962A6A5-0000-0000-0000-000000000000}.Release|Any CPU.ActiveCfg = Release|Any CPU
		{D962A6A5-0000-0000-0000-000000000000}.Release|Any CPU.Build.0 = Release|Any CPU
		{60A7E15F-0000-0000-0000-000000000000}.Debug|Any CPU.ActiveCfg = Debug|Any CPU
		{60A7E15F-0000-0000-0000-000000000000}.Debug|Any CPU.Build.0 = Debug|Any CPU
		{60A7E15F-0000-0000-0000-000000000000}.Release|Any CPU.ActiveCfg = Release|Any CPU
		{60A7E15F-0000-0000-0000-000000000000}.Release|Any CPU.Build.0 = Release|Any CPU
		{E4D94EC5-0000-0000-0000-000000000000}.Debug|Any CPU.ActiveCfg = Debug|Any CPU
		{E4D94EC5-0000-0000-0000-000000000000}.Debug|Any CPU.Build.0 = Debug|Any CPU
		{E4D94EC5-0000-0000-0000-000000000000}.Release|Any CPU.ActiveCfg = Release|Any CPU
		{E4D94EC5-0000-0000-0000-000000000000}.Release|Any CPU.Build.0 = Release|Any CPU
		{3F22A60B-0000-0000-0000-000000000000}.Debug|Any CPU.ActiveCfg = Debug|Any CPU
		{3F22A60B-0000-0000-0000-000000000000}.Debug|Any CPU.Build.0 = Debug|Any CPU
		{3F22A60B-0000-0000-0000-000000000000}.Release|Any CPU.ActiveCfg = Release|Any CPU
		{3F22A60B-0000-0000-0000-000000000000}.Release|Any CPU.Build.0 = Release|Any CPU
		{4D67AFC3-0000-0000-0000-000000000000}.Debug|Any CPU.ActiveCfg = Debug|Any CPU
		{4D67AFC3-0000-0000-0000-000000000000}.Debug|Any CPU.Build.0 = Debug|Any CPU
		{4D67AFC3-0000-0000-0000-000000000000}.Release|Any CPU.ActiveCfg = Release|Any CPU
		{4D67AFC3-0000-0000-0000-000000000000}.Release|Any CPU.Build.0 = Release|Any CPU
		{237F97A3-0000-0000-0000-000000000000}.Debug|Any CPU.ActiveCfg = Debug|Any CPU
		{237F97A3-0000-0000-0000-000000000000}.Debug|Any CPU.Build.0 = Debug|Any CPU
		{237F97A3-0000-0000-0000-000000000000}.Release|Any CPU.ActiveCfg = Release|Any CPU
		{237F97A3-0000-0000-0000-000000000000}.Release|Any CPU.Build.0 = Release|Any CPU
		{A2D2DB06-0000-0000-0000-000000000000}.Debug|Any CPU.ActiveCfg = Debug|Any CPU
		{A2D2DB06-0000-0000-0000-000000000000}.Debug|Any CPU.Build.0 = Debug|Any CPU
		{A2D2DB06-0000-0000-0000-000000000000}.Release|Any CPU.ActiveCfg = Release|Any CPU
		{A2D2DB06-0000-0000-0000-000000000000}.Release|Any CPU.Build.0 = Release|Any CPU
		{810FF5CD-0000-0000-0000-000000000000}.Debug|Any CPU.ActiveCfg = Debug|Any CPU
		{810FF5CD-0000-0000-0000-000000000000}.Debug|Any CPU.Build.0 = Debug|Any CPU
		{810FF5CD-0000-0000-0000-000000000000}.Release|Any CPU.ActiveCfg = Release|Any CPU
		{810FF5CD-0000-0000-0000-000000000000}.Release|Any CPU.Build.0 = Release|Any CPU
		{4B68F35C-0000-0000-0000-000000000000}.Debug|Any CPU.ActiveCfg = Debug|Any CPU
		{4B68F35C-0000-0000-0000-000000000000}.Debug|Any CPU.Build.0 = Debug|Any CPU
		{4B68F35C-0000-0000-0000-000000000000}.Release|Any CPU.ActiveCfg = Release|Any CPU
		{4B68F35C-0000-0000-0000-000000000000}.Release|Any CPU.Build.0 = Release|Any CPU
		{8828A426-0000-0000-0000-000000000000}.Debug|Any CPU.ActiveCfg = Debug|Any CPU
		{8828A426-0000-0000-0000-000000000000}.Debug|Any CPU.Build.0 = Debug|Any CPU
		{8828A426-0000-0000-0000-000000000000}.Release|Any CPU.ActiveCfg = Release|Any CPU
		{8828A426-0000-0000-0000-000000000000}.Release|Any CPU.Build.0 = Release|Any CPU
		{8AF5DA37-0000-0000-0000-000000000000}.Debug|Any CPU.ActiveCfg = Debug|Any CPU
		{8AF5DA37-0000-0000-0000-000000000000}.Debug|Any CPU.Build.0 = Debug|Any CPU
		{8AF5DA37-0000-0000-0000-000000000000}.Release|Any CPU.ActiveCfg = Release|Any CPU
		{8AF5DA37-0000-0000-0000-000000000000}.Release|Any CPU.Build.0 = Release|Any CPU
		{7F0F544C-0000-0000-0000-000000000000}.Debug|Any CPU.ActiveCfg = Debug|Any CPU
		{7F0F544C-0000-0000-0000-000000000000}.Debug|Any CPU.Build.0 = Debug|Any CPU
		{7F0F544C-0000-0000-0000-000000000000}.Release|Any CPU.ActiveCfg = Release|Any CPU
		{7F0F544C-0000-0000-0000-000000000000}.Release|Any CPU.Build.0 = Release|Any CPU
		{672982B3-0000-0000-0000-000000000000}.Debug|Any CPU.ActiveCfg = Debug|Any CPU
		{672982B3-0000-0000-0000-000000000000}.Debug|Any CPU.Build.0 = Debug|Any CPU
		{672982B3-0000-0000-0000-000000000000}.Release|Any CPU.ActiveCfg = Release|Any CPU
		{672982B3-0000-0000-0000-000000000000}.Release|Any CPU.Build.0 = Release|Any CPU
		{A5E00B54-0000-0000-0000-000000000000}.Debug|Any CPU.ActiveCfg = Debug|Any CPU
		{A5E00B54-0000-0000-0000-000000000000}.Debug|Any CPU.Build.0 = Debug|Any CPU
		{A5E00B54-0000-0000-0000-000000000000}.Release|Any CPU.ActiveCfg = Release|Any CPU
		{A5E00B54-0000-0000-0000-000000000000}.Release|Any CPU.Build.0 = Release|Any CPU
		{9F85CBE5-0000-0000-0000-000000000000}.Debug|Any CPU.ActiveCfg = Debug|Any CPU
		{9F85CBE5-0000-0000-0000-000000000000}.Debug|Any CPU.Build.0 = Debug|Any CPU
		{9F85CBE5-0000-0000-0000-000000000000}.Release|Any CPU.ActiveCfg = Release|Any CPU
		{9F85CBE5-0000-0000-0000-000000000000}.Release|Any CPU.Build.0 = Release|Any CPU
		{BE28E9EB-0000-0000-0000-000000000000}.Debug|Any CPU.ActiveCfg = Debug|Any CPU
		{BE28E9EB-0000-0000-0000-000000000000}.Debug|Any CPU.Build.0 = Debug|Any CPU
		{BE28E9EB-0000-0000-0000-000000000000}.Release|Any CPU.ActiveCfg = Release|Any CPU
		{BE28E9EB-0000-0000-0000-000000000000}.Release|Any CPU.Build.0 = Release|Any CPU
		{35EBD457-0000-0000-0000-000000000000}.Debug|Any CPU.ActiveCfg = Debug|Any CPU
		{35EBD457-0000-0000-0000-000000000000}.Debug|Any CPU.Build.0 = Debug|Any CPU
		{35EBD457-0000-0000-0000-000000000000}.Release|Any CPU.ActiveCfg = Release|Any CPU
		{35EBD457-0000-0000-0000-000000000000}.Release|Any CPU.Build.0 = Release|Any CPU
		{EC8F29DF-0000-0000-0000-000000000000}.Debug|Any CPU.ActiveCfg = Debug|Any CPU
		{EC8F29DF-0000-0000-0000-000000000000}.Debug|Any CPU.Build.0 = Debug|Any CPU
		{EC8F29DF-0000-0000-0000-000000000000}.Release|Any CPU.ActiveCfg = Release|Any CPU
		{EC8F29DF-0000-0000-0000-000000000000}.Release|Any CPU.Build.0 = Release|Any CPU
		{6925938D-0000-0000-0000-000000000000}.Debug|Any CPU.ActiveCfg = Debug|Any CPU
		{6925938D-0000-0000-0000-000000000000}.Debug|Any CPU.Build.0 = Debug|Any CPU
		{6925938D-0000-0000-0000-000000000000}.Release|Any CPU.ActiveCfg = Release|Any CPU
		{6925938D-0000-0000-0000-000000000000}.Release|Any CPU.Build.0 = Release|Any CPU
		{68F4591C-0000-0000-0000-000000000000}.Debug|Any CPU.ActiveCfg = Debug|Any CPU
		{68F4591C-0000-0000-0000-000000000000}.Debug|Any CPU.Build.0 = Debug|Any CPU
		{68F4591C-0000-0000-0000-000000000000}.Release|Any CPU.ActiveCfg = Release|Any CPU
		{68F4591C-0000-0000-0000-000000000000}.Release|Any CPU.Build.0 = Release|Any CPU
		{BD05BBCB-0000-0000-0000-000000000000}.Debug|Any CPU.ActiveCfg = Debug|Any CPU
		{BD05BBCB-0000-0000-0000-000000000000}.Debug|Any CPU.Build.0 = Debug|Any CPU
		{BD05BBCB-0000-0000-0000-000000000000}.Release|Any CPU.ActiveCfg = Release|Any CPU
		{BD05BBCB-0000-0000-0000-000000000000}.Release|Any CPU.Build.0 = Release|Any CPU
		{F3391DA0-0000-0000-0000-000000000000}.Debug|Any CPU.ActiveCfg = Debug|Any CPU
		{F3391DA0-0000-0000-0000-000000000000}.Debug|Any CPU.Build.0 = Debug|Any CPU
		{F3391DA0-0000-0000-0000-000000000000}.Release|Any CPU.ActiveCfg = Release|Any CPU
		{F3391DA0-0000-0000-0000-000000000000}.Release|Any CPU.Build.0 = Release|Any CPU
		{D25E5B39-0000-0000-0000-000000000000}.Debug|Any CPU.ActiveCfg = Debug|Any CPU
		{D25E5B39-0000-0000-0000-000000000000}.Debug|Any CPU.Build.0 = Debug|Any CPU
		{D25E5B39-0000-0000-0000-000000000000}.Release|Any CPU.ActiveCfg = Release|Any CPU
		{D25E5B39-0000-0000-0000-000000000000}.Release|Any CPU.Build.0 = Release|Any CPU
		{F500147A-0000-0000-0000-000000000000}.Debug|Any CPU.ActiveCfg = Debug|Any CPU
		{F500147A-0000-0000-0000-000000000000}.Debug|Any CPU.Build.0 = Debug|Any CPU
		{F500147A-0000-0000-0000-000000000000}.Release|Any CPU.ActiveCfg = Release|Any CPU
		{F500147A-0000-0000-0000-000000000000}.Release|Any CPU.Build.0 = Release|Any CPU
		{6539B5BA-0000-0000-0000-000000000000}.Debug|Any CPU.ActiveCfg = Debug|Any CPU
		{6539B5BA-0000-0000-0000-000000000000}.Debug|Any CPU.Build.0 = Debug|Any CPU
		{6539B5BA-0000-0000-0000-000000000000}.Release|Any CPU.ActiveCfg = Release|Any CPU
		{6539B5BA-0000-0000-0000-000000000000}.Release|Any CPU.Build.0 = Release|Any CPU
		{30F81CCE-0000-0000-0000-000000000000}.Debug|Any CPU.ActiveCfg = Debug|Any CPU
		{30F81CCE-0000-0000-0000-000000000000}.Debug|Any CPU.Build.0 = Debug|Any CPU
		{30F81CCE-0000-0000-0000-000000000000}.Release|Any CPU.ActiveCfg = Release|Any CPU
		{30F81CCE-0000-0000-0000-000000000000}.Release|Any CPU.Build.0 = Release|Any CPU
		{60589491-0000-0000-0000-000000000000}.Debug|Any CPU.ActiveCfg = Debug|Any CPU
		{60589491-0000-0000-0000-000000000000}.Debug|Any CPU.Build.0 = Debug|Any CPU
		{60589491-0000-0000-0000-000000000000}.Release|Any CPU.ActiveCfg = Release|Any CPU
		{60589491-0000-0000-0000-000000000000}.Release|Any CPU.Build.0 = Release|Any CPU
		{F2766D37-0000-0000-0000-000000000000}.Debug|Any CPU.ActiveCfg = Debug|Any CPU
		{F2766D37-0000-0000-0000-000000000000}.Debug|Any CPU.Build.0 = Debug|Any CPU
		{F2766D37-0000-0000-0000-000000000000}.Release|Any CPU.ActiveCfg = Release|Any CPU
		{F2766D37-0000-0000-0000-000000000000}.Release|Any CPU.Build.0 = Release|Any CPU
		{7A4E8C69-0000-0000-0000-000000000000}.Debug|Any CPU.ActiveCfg = Debug|Any CPU
		{7A4E8C69-0000-0000-0000-000000000000}.Debug|Any CPU.Build.0 = Debug|Any CPU
		{7A4E8C69-0000-0000-0000-000000000000}.Release|Any CPU.ActiveCfg = Release|Any CPU
		{7A4E8C69-0000-0000-0000-000000000000}.Release|Any CPU.Build.0 = Release|Any CPU
		{3F98042D-0000-0000-0000-000000000000}.Debug|Any CPU.ActiveCfg = Debug|Any CPU
		{3F98042D-0000-0000-0000-000000000000}.Debug|Any CPU.Build.0 = Debug|Any CPU
		{3F98042D-0000-0000-0000-000000000000}.Release|Any CPU.ActiveCfg = Release|Any CPU
		{3F98042D-0000-0000-0000-000000000000}.Release|Any CPU.Build.0 = Release|Any CPU
		{1B02B5FB-0000-0000-0000-000000000000}.Debug|Any CPU.ActiveCfg = Debug|Any CPU
		{1B02B5FB-0000-0000-0000-000000000000}.Debug|Any CPU.Build.0 = Debug|Any CPU
		{1B02B5FB-0000-0000-0000-000000000000}.Release|Any CPU.ActiveCfg = Release|Any CPU
		{1B02B5FB-0000-0000-0000-000000000000}.Release|Any CPU.Build.0 = Release|Any CPU
		{D8092F38-0000-0000-0000-000000000000}.Debug|Any CPU.ActiveCfg = Debug|Any CPU
		{D8092F38-0000-0000-0000-000000000000}.Debug|Any CPU.Build.0 = Debug|Any CPU
		{D8092F38-0000-0000-0000-000000000000}.Release|Any CPU.ActiveCfg = Release|Any CPU
		{D8092F38-0000-0000-0000-000000000000}.Release|Any CPU.Build.0 = Release|Any CPU
		{3377ACB2-0000-0000-0000-000000000000}.Debug|Any CPU.ActiveCfg = Debug|Any CPU
		{3377ACB2-0000-0000-0000-000000000000}.Debug|Any CPU.Build.0 = Debug|Any CPU
		{3377ACB2-0000-0000-0000-000000000000}.Release|Any CPU.ActiveCfg = Release|Any CPU
		{3377ACB2-0000-0000-0000-000000000000}.Release|Any CPU.Build.0 = Release|Any CPU
		{425BD8B8-0000-0000-0000-000000000000}.Debug|Any CPU.ActiveCfg = Debug|Any CPU
		{425BD8B8-0000-0000-0000-000000000000}.Debug|Any CPU.Build.0 = Debug|Any CPU
		{425BD8B8-0000-0000-0000-000000000000}.Release|Any CPU.ActiveCfg = Release|Any CPU
		{425BD8B8-0000-0000-0000-000000000000}.Release|Any CPU.Build.0 = Release|Any CPU
		{3D0D32A8-0000-0000-0000-000000000000}.Debug|Any CPU.ActiveCfg = Debug|Any CPU
		{3D0D32A8-0000-0000-0000-000000000000}.Debug|Any CPU.Build.0 = Debug|Any CPU
		{3D0D32A8-0000-0000-0000-000000000000}.Release|Any CPU.ActiveCfg = Release|Any CPU
		{3D0D32A8-0000-0000-0000-000000000000}.Release|Any CPU.Build.0 = Release|Any CPU
	EndGlobalSection
EndGlobal
